
Microsoft Visual Studio Solution File, Format Version 12.00
# Visual Studio Version 16
VisualStudioVersion = 16.0.29609.76
MinimumVisualStudioVersion = 10.0.40219.1
Project("{2150E333-8FDC-42A3-9474-1A3956D46DE8}") = "2017", "2017", "{79315442-9681-4BFA-B019-EC5695BE98A2}"
EndProject
Project("{9A19103F-16F7-4668-BE54-9A1E7A4F7556}") = "Advent2017", "2017\AdventOfCode\Advent2017.csproj", "{13852097-CDF0-4E4C-BCBF-2BBF26CF570A}"
EndProject
Project("{9A19103F-16F7-4668-BE54-9A1E7A4F7556}") = "Advent2017.Tests", "2017\AdventOfCode.Tests\Advent2017.Tests.csproj", "{C8517A68-2CD6-4695-9667-398692F117A4}"
EndProject
Project("{2150E333-8FDC-42A3-9474-1A3956D46DE8}") = "Solution Items", "Solution Items", "{C1B39993-E9F0-48D6-8227-9F67F82C61BF}"
	ProjectSection(SolutionItems) = preProject
		README.md = README.md
	EndProjectSection
EndProject
Project("{2150E333-8FDC-42A3-9474-1A3956D46DE8}") = "2019", "2019", "{83466300-DB1C-4BB7-AC76-504F377DA1A3}"
EndProject
Project("{9A19103F-16F7-4668-BE54-9A1E7A4F7556}") = "Advent2019", "2019\Advent2019.csproj", "{F7D96C40-E4A8-47A5-8D9C-53985B3B8E4F}"
EndProject
Global
	GlobalSection(SolutionConfigurationPlatforms) = preSolution
		Debug|Any CPU = Debug|Any CPU
		Release|Any CPU = Release|Any CPU
	EndGlobalSection
	GlobalSection(ProjectConfigurationPlatforms) = postSolution
		{13852097-CDF0-4E4C-BCBF-2BBF26CF570A}.Debug|Any CPU.ActiveCfg = Debug|Any CPU
		{13852097-CDF0-4E4C-BCBF-2BBF26CF570A}.Debug|Any CPU.Build.0 = Debug|Any CPU
		{13852097-CDF0-4E4C-BCBF-2BBF26CF570A}.Release|Any CPU.ActiveCfg = Release|Any CPU
		{13852097-CDF0-4E4C-BCBF-2BBF26CF570A}.Release|Any CPU.Build.0 = Release|Any CPU
		{C8517A68-2CD6-4695-9667-398692F117A4}.Debug|Any CPU.ActiveCfg = Debug|Any CPU
		{C8517A68-2CD6-4695-9667-398692F117A4}.Debug|Any CPU.Build.0 = Debug|Any CPU
		{C8517A68-2CD6-4695-9667-398692F117A4}.Release|Any CPU.ActiveCfg = Release|Any CPU
		{C8517A68-2CD6-4695-9667-398692F117A4}.Release|Any CPU.Build.0 = Release|Any CPU
		{F7D96C40-E4A8-47A5-8D9C-53985B3B8E4F}.Debug|Any CPU.ActiveCfg = Debug|Any CPU
		{F7D96C40-E4A8-47A5-8D9C-53985B3B8E4F}.Debug|Any CPU.Build.0 = Debug|Any CPU
		{F7D96C40-E4A8-47A5-8D9C-53985B3B8E4F}.Release|Any CPU.ActiveCfg = Release|Any CPU
		{F7D96C40-E4A8-47A5-8D9C-53985B3B8E4F}.Release|Any CPU.Build.0 = Release|Any CPU
	EndGlobalSection
	GlobalSection(SolutionProperties) = preSolution
		HideSolutionNode = FALSE
	EndGlobalSection
	GlobalSection(NestedProjects) = preSolution
		{13852097-CDF0-4E4C-BCBF-2BBF26CF570A} = {79315442-9681-4BFA-B019-EC5695BE98A2}
		{C8517A68-2CD6-4695-9667-398692F117A4} = {79315442-9681-4BFA-B019-EC5695BE98A2}
		{F7D96C40-E4A8-47A5-8D9C-53985B3B8E4F} = {83466300-DB1C-4BB7-AC76-504F377DA1A3}
	EndGlobalSection
	GlobalSection(ExtensibilityGlobals) = postSolution
		SolutionGuid = {40D3F294-1CB1-406C-9BC0-234C6241F762}
	EndGlobalSection
EndGlobal
